
Microsoft Visual Studio Solution File, Format Version 11.00
# Visual Studio 2010
Project("{FAE04EC0-301F-11D3-BF4B-00C04F79EFBC}") = "ChiropteraWin", "ChiropteraWin.csproj", "{F72D97C3-F609-46A6-A4EA-87034C2E9FCF}"
EndProject
Global
	GlobalSection(SolutionConfigurationPlatforms) = preSolution
		Debug|Any CPU = Debug|Any CPU
		Release|Any CPU = Release|Any CPU
	EndGlobalSection
	GlobalSection(ProjectConfigurationPlatforms) = postSolution
		{F72D97C3-F609-46A6-A4EA-87034C2E9FCF}.Debug|Any CPU.ActiveCfg = Debug|Any CPU
		{F72D97C3-F609-46A6-A4EA-87034C2E9FCF}.Debug|Any CPU.Build.0 = Debug|Any CPU
		{F72D97C3-F609-46A6-A4EA-87034C2E9FCF}.Release|Any CPU.ActiveCfg = Release|Any CPU
		{F72D97C3-F609-46A6-A4EA-87034C2E9FCF}.Release|Any CPU.Build.0 = Release|Any CPU
	EndGlobalSection
	GlobalSection(SolutionProperties) = preSolution
		HideSolutionNode = FALSE
	EndGlobalSection
EndGlobal
